
Microsoft Visual Studio Solution File, Format Version 12.00
# Visual Studio Version 17
VisualStudioVersion = 17.3.32929.385
MinimumVisualStudioVersion = 10.0.40219.1
Project("{FAE04EC0-301F-11D3-BF4B-00C04F79EFBC}") = "OpgaverApi", "OpgaverApi.csproj", "{5B86A357-AC86-41EB-A215-C4475FDE08B8}"
EndProject
Global
	GlobalSection(SolutionConfigurationPlatforms) = preSolution
		Debug|Any CPU = Debug|Any CPU
		Release|Any CPU = Release|Any CPU
	EndGlobalSection
	GlobalSection(ProjectConfigurationPlatforms) = postSolution
		{5B86A357-AC86-41EB-A215-C4475FDE08B8}.Debug|Any CPU.ActiveCfg = Debug|Any CPU
		{5B86A357-AC86-41EB-A215-C4475FDE08B8}.Debug|Any CPU.Build.0 = Debug|Any CPU
		{5B86A357-AC86-41EB-A215-C4475FDE08B8}.Release|Any CPU.ActiveCfg = Release|Any CPU
		{5B86A357-AC86-41EB-A215-C4475FDE08B8}.Release|Any CPU.Build.0 = Release|Any CPU
	EndGlobalSection
	GlobalSection(SolutionProperties) = preSolution
		HideSolutionNode = FALSE
	EndGlobalSection
	GlobalSection(ExtensibilityGlobals) = postSolution
		SolutionGuid = {561B8E32-C446-402D-AD42-7945C4009FCC}
	EndGlobalSection
EndGlobal
